
Microsoft Visual Studio Solution File, Format Version 12.00
# Visual Studio Version 17
VisualStudioVersion = 17.11.35327.3
MinimumVisualStudioVersion = 10.0.40219.1
Project("{2150E333-8FDC-42A3-9474-1A3956D46DE8}") = "Task0", "Task0", "{BECDCB8B-E3B7-4E3D-9830-1D99A5391E67}"
EndProject
Project("{9A19103F-16F7-4668-BE54-9A1E7A4F7556}") = "Tyuiu.OgorodnikDV.Sprint1.Task0.V24", "Tyuiu.OgorodnikDV.Sprint1.Task0.V24\Tyuiu.OgorodnikDV.Sprint1.Task0.V24.csproj", "{69DA1ECA-716F-4230-A53C-3E667B0956D0}"
EndProject
Project("{9A19103F-16F7-4668-BE54-9A1E7A4F7556}") = "Tyuiu.OgorodnikDV.Sprint1.Task0.V24.Lib", "Tyuiu.OgorodnikDV.Sprint1.Task0.V24.Lib\Tyuiu.OgorodnikDV.Sprint1.Task0.V24.Lib.csproj", "{63D7092A-B3D8-469B-8F70-93916F1B4218}"
EndProject
Project("{9A19103F-16F7-4668-BE54-9A1E7A4F7556}") = "Tyuiu.OgorodnikDV.Sprint1.Task0.V24.Test", "Tyuiu.OgorodnikDV.Sprint1.Task0.V24.Test\Tyuiu.OgorodnikDV.Sprint1.Task0.V24.Test.csproj", "{FBED4524-CE06-47A8-ADC9-437943A6EC74}"
EndProject
Project("{2150E333-8FDC-42A3-9474-1A3956D46DE8}") = "Task1", "Task1", "{A3083026-4626-4DAC-A501-1899D1F4DE29}"
EndProject
Project("{9A19103F-16F7-4668-BE54-9A1E7A4F7556}") = "Tyuiu.OgorodnikDV.Sprint1.Task1.V29", "Tyuiu.OgorodnikDV.Sprint1.Task1.V29\Tyuiu.OgorodnikDV.Sprint1.Task1.V29.csproj", "{07C41C43-3E4B-4053-8EB0-725B21A45B20}"
EndProject
Project("{9A19103F-16F7-4668-BE54-9A1E7A4F7556}") = "Tyuiu.OgorodnikDV.Sprint1.Task1.V29.Lib", "Tyuiu.OgorodnikDV.Sprint1.Task1.V29.Lib\Tyuiu.OgorodnikDV.Sprint1.Task1.V29.Lib.csproj", "{9611D4FB-37F6-4BC4-A072-9B7BB4F52055}"
EndProject
Project("{9A19103F-16F7-4668-BE54-9A1E7A4F7556}") = "Tyuiu.OgorodnikDV.Sprint1.Task1.V29.Test", "Tyuiu.OgorodnikDV.Sprint1.Task1.V29.Test\Tyuiu.OgorodnikDV.Sprint1.Task1.V29.Test.csproj", "{9B046BAF-3D5A-478C-BCEA-B9FD63818B3C}"
EndProject
Project("{2150E333-8FDC-42A3-9474-1A3956D46DE8}") = "Task2", "Task2", "{B1EFF130-70AD-4E82-9F52-1BBF86E81581}"
EndProject
Project("{9A19103F-16F7-4668-BE54-9A1E7A4F7556}") = "Tyuiu.OgorodnikDV.Sprint1.Task2.V13", "Tyuiu.OgorodnikDV.Sprint1.Task2.V13\Tyuiu.OgorodnikDV.Sprint1.Task2.V13.csproj", "{68C1755F-5CDA-44DF-B238-718C94E86D40}"
EndProject
Project("{9A19103F-16F7-4668-BE54-9A1E7A4F7556}") = "Tyuiu.OgorodnikDV.Sprint1.Task2.V13.Lib", "Tyuiu.OgorodnikDV.Sprint1.Task2.V13.Lib\Tyuiu.OgorodnikDV.Sprint1.Task2.V13.Lib.csproj", "{41A63699-B7CC-46DC-AC9C-6EEEB4AC96D3}"
EndProject
Project("{9A19103F-16F7-4668-BE54-9A1E7A4F7556}") = "Tyuiu.OgorodnikDV.Sprint1.Task2.V13.Test", "Tyuiu.OgorodnikDV.Sprint1.Task2.V13.Test\Tyuiu.OgorodnikDV.Sprint1.Task2.V13.Test.csproj", "{C2E3DA37-0DEC-47C7-8422-D0E3FA45D5B0}"
EndProject
Project("{2150E333-8FDC-42A3-9474-1A3956D46DE8}") = "Task3", "Task3", "{3ACB86AF-889F-4536-A412-27E521CE6952}"
EndProject
Project("{FAE04EC0-301F-11D3-BF4B-00C04F79EFBC}") = "Tyuiu.OgorodnikDV.Sprint1.Task3.V3", "Tyuiu.OgorodnikDV.Sprint1.Task3.V3\Tyuiu.OgorodnikDV.Sprint1.Task3.V3.csproj", "{2AC3FF7B-D621-4736-A8D3-6C513715504A}"
EndProject
Project("{FAE04EC0-301F-11D3-BF4B-00C04F79EFBC}") = "Tyuiu.OgorodnikDV.Sprint1.Task3.V3.Lib", "Tyuiu.OgorodnikDV.Sprint1.Task3.V3.Lib\Tyuiu.OgorodnikDV.Sprint1.Task3.V3.Lib.csproj", "{1B689770-0853-4C42-83F1-3BEC7994DC27}"
EndProject
Project("{FAE04EC0-301F-11D3-BF4B-00C04F79EFBC}") = "Tyuiu.OgorodnikDV.Sprint1.Task3.V3.Test", "Tyuiu.OgorodnikDV.Sprint1.Task3.V3.Test\Tyuiu.OgorodnikDV.Sprint1.Task3.V3.Test.csproj", "{D0A25DB0-B04A-4F5E-9FCF-6C386A4197A5}"
EndProject
Global
	GlobalSection(SolutionConfigurationPlatforms) = preSolution
		Debug|Any CPU = Debug|Any CPU
		Release|Any CPU = Release|Any CPU
	EndGlobalSection
	GlobalSection(ProjectConfigurationPlatforms) = postSolution
		{69DA1ECA-716F-4230-A53C-3E667B0956D0}.Debug|Any CPU.ActiveCfg = Debug|Any CPU
		{69DA1ECA-716F-4230-A53C-3E667B0956D0}.Debug|Any CPU.Build.0 = Debug|Any CPU
		{69DA1ECA-716F-4230-A53C-3E667B0956D0}.Release|Any CPU.ActiveCfg = Release|Any CPU
		{69DA1ECA-716F-4230-A53C-3E667B0956D0}.Release|Any CPU.Build.0 = Release|Any CPU
		{63D7092A-B3D8-469B-8F70-93916F1B4218}.Debug|Any CPU.ActiveCfg = Debug|Any CPU
		{63D7092A-B3D8-469B-8F70-93916F1B4218}.Debug|Any CPU.Build.0 = Debug|Any CPU
		{63D7092A-B3D8-469B-8F70-93916F1B4218}.Release|Any CPU.ActiveCfg = Release|Any CPU
		{63D7092A-B3D8-469B-8F70-93916F1B4218}.Release|Any CPU.Build.0 = Release|Any CPU
		{FBED4524-CE06-47A8-ADC9-437943A6EC74}.Debug|Any CPU.ActiveCfg = Debug|Any CPU
		{FBED4524-CE06-47A8-ADC9-437943A6EC74}.Debug|Any CPU.Build.0 = Debug|Any CPU
		{FBED4524-CE06-47A8-ADC9-437943A6EC74}.Release|Any CPU.ActiveCfg = Release|Any CPU
		{FBED4524-CE06-47A8-ADC9-437943A6EC74}.Release|Any CPU.Build.0 = Release|Any CPU
		{07C41C43-3E4B-4053-8EB0-725B21A45B20}.Debug|Any CPU.ActiveCfg = Debug|Any CPU
		{07C41C43-3E4B-4053-8EB0-725B21A45B20}.Debug|Any CPU.Build.0 = Debug|Any CPU
		{07C41C43-3E4B-4053-8EB0-725B21A45B20}.Release|Any CPU.ActiveCfg = Release|Any CPU
		{07C41C43-3E4B-4053-8EB0-725B21A45B20}.Release|Any CPU.Build.0 = Release|Any CPU
		{9611D4FB-37F6-4BC4-A072-9B7BB4F52055}.Debug|Any CPU.ActiveCfg = Debug|Any CPU
		{9611D4FB-37F6-4BC4-A072-9B7BB4F52055}.Debug|Any CPU.Build.0 = Debug|Any CPU
		{9611D4FB-37F6-4BC4-A072-9B7BB4F52055}.Release|Any CPU.ActiveCfg = Release|Any CPU
		{9611D4FB-37F6-4BC4-A072-9B7BB4F52055}.Release|Any CPU.Build.0 = Release|Any CPU
		{9B046BAF-3D5A-478C-BCEA-B9FD63818B3C}.Debug|Any CPU.ActiveCfg = Debug|Any CPU
		{9B046BAF-3D5A-478C-BCEA-B9FD63818B3C}.Debug|Any CPU.Build.0 = Debug|Any CPU
		{9B046BAF-3D5A-478C-BCEA-B9FD63818B3C}.Release|Any CPU.ActiveCfg = Release|Any CPU
		{9B046BAF-3D5A-478C-BCEA-B9FD63818B3C}.Release|Any CPU.Build.0 = Release|Any CPU
		{68C1755F-5CDA-44DF-B238-718C94E86D40}.Debug|Any CPU.ActiveCfg = Debug|Any CPU
		{68C1755F-5CDA-44DF-B238-718C94E86D40}.Debug|Any CPU.Build.0 = Debug|Any CPU
		{68C1755F-5CDA-44DF-B238-718C94E86D40}.Release|Any CPU.ActiveCfg = Release|Any CPU
		{68C1755F-5CDA-44DF-B238-718C94E86D40}.Release|Any CPU.Build.0 = Release|Any CPU
		{41A63699-B7CC-46DC-AC9C-6EEEB4AC96D3}.Debug|Any CPU.ActiveCfg = Debug|Any CPU
		{41A63699-B7CC-46DC-AC9C-6EEEB4AC96D3}.Debug|Any CPU.Build.0 = Debug|Any CPU
		{41A63699-B7CC-46DC-AC9C-6EEEB4AC96D3}.Release|Any CPU.ActiveCfg = Release|Any CPU
		{41A63699-B7CC-46DC-AC9C-6EEEB4AC96D3}.Release|Any CPU.Build.0 = Release|Any CPU
		{C2E3DA37-0DEC-47C7-8422-D0E3FA45D5B0}.Debug|Any CPU.ActiveCfg = Debug|Any CPU
		{C2E3DA37-0DEC-47C7-8422-D0E3FA45D5B0}.Debug|Any CPU.Build.0 = Debug|Any CPU
		{C2E3DA37-0DEC-47C7-8422-D0E3FA45D5B0}.Release|Any CPU.ActiveCfg = Release|Any CPU
		{C2E3DA37-0DEC-47C7-8422-D0E3FA45D5B0}.Release|Any CPU.Build.0 = Release|Any CPU
		{2AC3FF7B-D621-4736-A8D3-6C513715504A}.Debug|Any CPU.ActiveCfg = Debug|Any CPU
		{2AC3FF7B-D621-4736-A8D3-6C513715504A}.Debug|Any CPU.Build.0 = Debug|Any CPU
		{2AC3FF7B-D621-4736-A8D3-6C513715504A}.Release|Any CPU.ActiveCfg = Release|Any CPU
		{2AC3FF7B-D621-4736-A8D3-6C513715504A}.Release|Any CPU.Build.0 = Release|Any CPU
		{1B689770-0853-4C42-83F1-3BEC7994DC27}.Debug|Any CPU.ActiveCfg = Debug|Any CPU
		{1B689770-0853-4C42-83F1-3BEC7994DC27}.Debug|Any CPU.Build.0 = Debug|Any CPU
		{1B689770-0853-4C42-83F1-3BEC7994DC27}.Release|Any CPU.ActiveCfg = Release|Any CPU
		{1B689770-0853-4C42-83F1-3BEC7994DC27}.Release|Any CPU.Build.0 = Release|Any CPU
		{D0A25DB0-B04A-4F5E-9FCF-6C386A4197A5}.Debug|Any CPU.ActiveCfg = Debug|Any CPU
		{D0A25DB0-B04A-4F5E-9FCF-6C386A4197A5}.Debug|Any CPU.Build.0 = Debug|Any CPU
		{D0A25DB0-B04A-4F5E-9FCF-6C386A4197A5}.Release|Any CPU.ActiveCfg = Release|Any CPU
		{D0A25DB0-B04A-4F5E-9FCF-6C386A4197A5}.Release|Any CPU.Build.0 = Release|Any CPU
	EndGlobalSection
	GlobalSection(SolutionProperties) = preSolution
		HideSolutionNode = FALSE
	EndGlobalSection
	GlobalSection(NestedProjects) = preSolution
		{69DA1ECA-716F-4230-A53C-3E667B0956D0} = {BECDCB8B-E3B7-4E3D-9830-1D99A5391E67}
		{63D7092A-B3D8-469B-8F70-93916F1B4218} = {BECDCB8B-E3B7-4E3D-9830-1D99A5391E67}
		{FBED4524-CE06-47A8-ADC9-437943A6EC74} = {BECDCB8B-E3B7-4E3D-9830-1D99A5391E67}
		{07C41C43-3E4B-4053-8EB0-725B21A45B20} = {A3083026-4626-4DAC-A501-1899D1F4DE29}
		{9611D4FB-37F6-4BC4-A072-9B7BB4F52055} = {A3083026-4626-4DAC-A501-1899D1F4DE29}
		{9B046BAF-3D5A-478C-BCEA-B9FD63818B3C} = {A3083026-4626-4DAC-A501-1899D1F4DE29}
		{68C1755F-5CDA-44DF-B238-718C94E86D40} = {B1EFF130-70AD-4E82-9F52-1BBF86E81581}
		{41A63699-B7CC-46DC-AC9C-6EEEB4AC96D3} = {B1EFF130-70AD-4E82-9F52-1BBF86E81581}
		{C2E3DA37-0DEC-47C7-8422-D0E3FA45D5B0} = {B1EFF130-70AD-4E82-9F52-1BBF86E81581}
		{2AC3FF7B-D621-4736-A8D3-6C513715504A} = {3ACB86AF-889F-4536-A412-27E521CE6952}
		{1B689770-0853-4C42-83F1-3BEC7994DC27} = {3ACB86AF-889F-4536-A412-27E521CE6952}
		{D0A25DB0-B04A-4F5E-9FCF-6C386A4197A5} = {3ACB86AF-889F-4536-A412-27E521CE6952}
	EndGlobalSection
	GlobalSection(ExtensibilityGlobals) = postSolution
		SolutionGuid = {EA8491CA-4694-4034-A107-5D2A8C20EF86}
	EndGlobalSection
EndGlobal
